
Microsoft Visual Studio Solution File, Format Version 12.00
# Visual Studio Version 17
VisualStudioVersion = 17.0.32112.339
MinimumVisualStudioVersion = 10.0.40219.1
Project("{FAE04EC0-301F-11D3-BF4B-00C04F79EFBC}") = "CsharpAlgos", "CsharpAlgos\CsharpAlgos.csproj", "{1446FEFD-CC02-43CE-9C8A-AD3A2D376AD8}"
EndProject
Global
	GlobalSection(SolutionConfigurationPlatforms) = preSolution
		Debug|Any CPU = Debug|Any CPU
		Release|Any CPU = Release|Any CPU
	EndGlobalSection
	GlobalSection(ProjectConfigurationPlatforms) = postSolution
		{1446FEFD-CC02-43CE-9C8A-AD3A2D376AD8}.Debug|Any CPU.ActiveCfg = Debug|Any CPU
		{1446FEFD-CC02-43CE-9C8A-AD3A2D376AD8}.Debug|Any CPU.Build.0 = Debug|Any CPU
		{1446FEFD-CC02-43CE-9C8A-AD3A2D376AD8}.Release|Any CPU.ActiveCfg = Release|Any CPU
		{1446FEFD-CC02-43CE-9C8A-AD3A2D376AD8}.Release|Any CPU.Build.0 = Release|Any CPU
	EndGlobalSection
	GlobalSection(SolutionProperties) = preSolution
		HideSolutionNode = FALSE
	EndGlobalSection
	GlobalSection(ExtensibilityGlobals) = postSolution
		SolutionGuid = {8C25E399-DAAE-4CE1-827D-D9428D90AF6E}
	EndGlobalSection
EndGlobal
